Microsoft Visual Studio Solution File, Format Version 12.00
# Visual Studio 2012
Project("{FAE04EC0-301F-11D3-BF4B-00C04F79EFBC}") = "Practice Project", "Practice Project.csproj", "{924518FB-9F82-4683-9330-AEEB99A03DBF}"
EndProject
Global
	GlobalSection(SolutionConfigurationPlatforms) = preSolution
	Debug|Any CPU = Debug|Any CPU
	ExportDebug|Any CPU = ExportDebug|Any CPU
	ExportRelease|Any CPU = ExportRelease|Any CPU
	EndGlobalSection
	GlobalSection(ProjectConfigurationPlatforms) = postSolution
		{924518FB-9F82-4683-9330-AEEB99A03DBF}.Debug|Any CPU.ActiveCfg = Debug|Any CPU
		{924518FB-9F82-4683-9330-AEEB99A03DBF}.Debug|Any CPU.Build.0 = Debug|Any CPU
		{924518FB-9F82-4683-9330-AEEB99A03DBF}.ExportDebug|Any CPU.ActiveCfg = ExportDebug|Any CPU
		{924518FB-9F82-4683-9330-AEEB99A03DBF}.ExportDebug|Any CPU.Build.0 = ExportDebug|Any CPU
		{924518FB-9F82-4683-9330-AEEB99A03DBF}.ExportRelease|Any CPU.ActiveCfg = ExportRelease|Any CPU
		{924518FB-9F82-4683-9330-AEEB99A03DBF}.ExportRelease|Any CPU.Build.0 = ExportRelease|Any CPU
	EndGlobalSection
EndGlobal
